
Microsoft Visual Studio Solution File, Format Version 12.00
# Visual Studio Version 17
VisualStudioVersion = 17.3.32825.248
MinimumVisualStudioVersion = 10.0.40219.1
Project("{9A19103F-16F7-4668-BE54-9A1E7A4F7556}") = "rosreestr-fir", "rosreest-fir\rosreestr-fir.csproj", "{A97A602D-76CA-4FE1-8C7B-634757323F41}"
EndProject
Global
	GlobalSection(SolutionConfigurationPlatforms) = preSolution
		Debug|Any CPU = Debug|Any CPU
		Release|Any CPU = Release|Any CPU
	EndGlobalSection
	GlobalSection(ProjectConfigurationPlatforms) = postSolution
		{A97A602D-76CA-4FE1-8C7B-634757323F41}.Debug|Any CPU.ActiveCfg = Debug|Any CPU
		{A97A602D-76CA-4FE1-8C7B-634757323F41}.Debug|Any CPU.Build.0 = Debug|Any CPU
		{A97A602D-76CA-4FE1-8C7B-634757323F41}.Release|Any CPU.ActiveCfg = Release|Any CPU
		{A97A602D-76CA-4FE1-8C7B-634757323F41}.Release|Any CPU.Build.0 = Release|Any CPU
	EndGlobalSection
	GlobalSection(SolutionProperties) = preSolution
		HideSolutionNode = FALSE
	EndGlobalSection
	GlobalSection(ExtensibilityGlobals) = postSolution
		SolutionGuid = {82241720-F36B-4CA6-ACF3-2A40DFA9D315}
	EndGlobalSection
EndGlobal
